
Microsoft Visual Studio Solution File, Format Version 12.00
# Visual Studio Version 17
VisualStudioVersion = 17.0.31903.59
MinimumVisualStudioVersion = 10.0.40219.1
Project("{FAE04EC0-301F-11D3-BF4B-00C04F79EFBC}") = "AlignColumns", "AlignColumns\AlignColumns.csproj", "{65D1103D-5C94-4D51-9085-C785BCCDE020}"
EndProject
Project("{FAE04EC0-301F-11D3-BF4B-00C04F79EFBC}") = "Anagrams", "Anagrams\Anagrams.csproj", "{9CF62404-058E-4F91-9738-4898AA7713DF}"
EndProject
Project("{FAE04EC0-301F-11D3-BF4B-00C04F79EFBC}") = "ArrayShuffle", "ArrayShuffle\ArrayShuffle.csproj", "{6F13ACEF-BCEA-421F-AA6A-86F23E266D10}"
EndProject
Project("{FAE04EC0-301F-11D3-BF4B-00C04F79EFBC}") = "BalancedParentheses", "BalancedParentheses\BalancedParentheses.csproj", "{84E56FBA-B12E-49B4-8EE1-D70A7DC9159C}"
EndProject
Project("{FAE04EC0-301F-11D3-BF4B-00C04F79EFBC}") = "CalcStats", "CalcStats\CalcStats.csproj", "{66E5AAB1-13C0-4A6A-B3D9-0F3E3A617710}"
EndProject
Project("{FAE04EC0-301F-11D3-BF4B-00C04F79EFBC}") = "ClosestTo0", "ClosestTo0\ClosestTo0.csproj", "{DD554A4E-73FF-4D2F-8F69-1474505519C3}"
EndProject
Project("{FAE04EC0-301F-11D3-BF4B-00C04F79EFBC}") = "CombinedNumber", "CombinedNumber\CombinedNumber.csproj", "{9FDF2BAE-347D-4E23-92D2-480C3F3BB353}"
EndProject
Project("{FAE04EC0-301F-11D3-BF4B-00C04F79EFBC}") = "CountCoins", "CountCoins\CountCoins.csproj", "{007005D3-D4EC-4137-B638-80DA8D18D09A}"
EndProject
Project("{FAE04EC0-301F-11D3-BF4B-00C04F79EFBC}") = "Diversion", "Diversion\Diversion.csproj", "{216C820A-5FB4-4834-BB44-2E1B09864358}"
EndProject
Project("{FAE04EC0-301F-11D3-BF4B-00C04F79EFBC}") = "EightQueens", "EightQueens\EightQueens.csproj", "{2513331B-B718-4547-90A4-FF42ABF2FEE6}"
EndProject
Project("{FAE04EC0-301F-11D3-BF4B-00C04F79EFBC}") = "FizzBuzzWithATwist", "FizzBuzz\FizzBuzzWithATwist.csproj", "{487CFACC-7BFC-41B3-9AE6-85B903D91D25}"
EndProject
Project("{2150E333-8FDC-42A3-9474-1A3956D46DE8}") = "Solution Items", "Solution Items", "{2D04B87D-09F4-4726-96D7-A5F6CD8653A0}"
	ProjectSection(SolutionItems) = preProject
		.editorconfig = .editorconfig
	EndProjectSection
EndProject
Project("{FAE04EC0-301F-11D3-BF4B-00C04F79EFBC}") = "BowlingGameScore", "BowlingGameScore\BowlingGameScore.csproj", "{B0353D9D-9257-4249-BEAE-B0BE62F9F923}"
EndProject
Project("{54A90642-561A-4BB1-A94E-469ADEE60C69}") = "BowlingGameScoreTS", "BowlingGameScoreTS\BowlingGameScoreTS.esproj", "{ADA9A7A9-C422-44BC-990C-0227C481379C}"
EndProject
Project("{888888A0-9F3D-457C-B088-3A5042F75D52}") = "HelloWorld", "HelloWorld\HelloWorld.pyproj", "{AE4F163F-7B1C-4F0D-A5DA-630232444735}"
EndProject
Project("{888888A0-9F3D-457C-B088-3A5042F75D52}") = "FizzBuzzPy", "FizzBuzzPy\FizzBuzzPy.pyproj", "{51166462-7282-4BD9-BD4B-BAC4C29512B7}"
EndProject
Project("{FAE04EC0-301F-11D3-BF4B-00C04F79EFBC}") = "Friday13th", "Friday13th\Friday13th.csproj", "{8086FDCD-1BD0-4D87-BC22-ADAD007F82AF}"
EndProject
Global
	GlobalSection(SolutionConfigurationPlatforms) = preSolution
		Debug|Any CPU = Debug|Any CPU
		Release|Any CPU = Release|Any CPU
	EndGlobalSection
	GlobalSection(ProjectConfigurationPlatforms) = postSolution
		{65D1103D-5C94-4D51-9085-C785BCCDE020}.Debug|Any CPU.ActiveCfg = Debug|Any CPU
		{65D1103D-5C94-4D51-9085-C785BCCDE020}.Debug|Any CPU.Build.0 = Debug|Any CPU
		{65D1103D-5C94-4D51-9085-C785BCCDE020}.Release|Any CPU.ActiveCfg = Release|Any CPU
		{65D1103D-5C94-4D51-9085-C785BCCDE020}.Release|Any CPU.Build.0 = Release|Any CPU
		{9CF62404-058E-4F91-9738-4898AA7713DF}.Debug|Any CPU.ActiveCfg = Debug|Any CPU
		{9CF62404-058E-4F91-9738-4898AA7713DF}.Debug|Any CPU.Build.0 = Debug|Any CPU
		{9CF62404-058E-4F91-9738-4898AA7713DF}.Release|Any CPU.ActiveCfg = Release|Any CPU
		{9CF62404-058E-4F91-9738-4898AA7713DF}.Release|Any CPU.Build.0 = Release|Any CPU
		{6F13ACEF-BCEA-421F-AA6A-86F23E266D10}.Debug|Any CPU.ActiveCfg = Debug|Any CPU
		{6F13ACEF-BCEA-421F-AA6A-86F23E266D10}.Debug|Any CPU.Build.0 = Debug|Any CPU
		{6F13ACEF-BCEA-421F-AA6A-86F23E266D10}.Release|Any CPU.ActiveCfg = Release|Any CPU
		{6F13ACEF-BCEA-421F-AA6A-86F23E266D10}.Release|Any CPU.Build.0 = Release|Any CPU
		{84E56FBA-B12E-49B4-8EE1-D70A7DC9159C}.Debug|Any CPU.ActiveCfg = Debug|Any CPU
		{84E56FBA-B12E-49B4-8EE1-D70A7DC9159C}.Debug|Any CPU.Build.0 = Debug|Any CPU
		{84E56FBA-B12E-49B4-8EE1-D70A7DC9159C}.Release|Any CPU.ActiveCfg = Release|Any CPU
		{84E56FBA-B12E-49B4-8EE1-D70A7DC9159C}.Release|Any CPU.Build.0 = Release|Any CPU
		{66E5AAB1-13C0-4A6A-B3D9-0F3E3A617710}.Debug|Any CPU.ActiveCfg = Debug|Any CPU
		{66E5AAB1-13C0-4A6A-B3D9-0F3E3A617710}.Debug|Any CPU.Build.0 = Debug|Any CPU
		{66E5AAB1-13C0-4A6A-B3D9-0F3E3A617710}.Release|Any CPU.ActiveCfg = Release|Any CPU
		{66E5AAB1-13C0-4A6A-B3D9-0F3E3A617710}.Release|Any CPU.Build.0 = Release|Any CPU
		{DD554A4E-73FF-4D2F-8F69-1474505519C3}.Debug|Any CPU.ActiveCfg = Debug|Any CPU
		{DD554A4E-73FF-4D2F-8F69-1474505519C3}.Debug|Any CPU.Build.0 = Debug|Any CPU
		{DD554A4E-73FF-4D2F-8F69-1474505519C3}.Release|Any CPU.ActiveCfg = Release|Any CPU
		{DD554A4E-73FF-4D2F-8F69-1474505519C3}.Release|Any CPU.Build.0 = Release|Any CPU
		{9FDF2BAE-347D-4E23-92D2-480C3F3BB353}.Debug|Any CPU.ActiveCfg = Debug|Any CPU
		{9FDF2BAE-347D-4E23-92D2-480C3F3BB353}.Debug|Any CPU.Build.0 = Debug|Any CPU
		{9FDF2BAE-347D-4E23-92D2-480C3F3BB353}.Release|Any CPU.ActiveCfg = Release|Any CPU
		{9FDF2BAE-347D-4E23-92D2-480C3F3BB353}.Release|Any CPU.Build.0 = Release|Any CPU
		{007005D3-D4EC-4137-B638-80DA8D18D09A}.Debug|Any CPU.ActiveCfg = Debug|Any CPU
		{007005D3-D4EC-4137-B638-80DA8D18D09A}.Debug|Any CPU.Build.0 = Debug|Any CPU
		{007005D3-D4EC-4137-B638-80DA8D18D09A}.Release|Any CPU.ActiveCfg = Release|Any CPU
		{007005D3-D4EC-4137-B638-80DA8D18D09A}.Release|Any CPU.Build.0 = Release|Any CPU
		{216C820A-5FB4-4834-BB44-2E1B09864358}.Debug|Any CPU.ActiveCfg = Debug|Any CPU
		{216C820A-5FB4-4834-BB44-2E1B09864358}.Debug|Any CPU.Build.0 = Debug|Any CPU
		{216C820A-5FB4-4834-BB44-2E1B09864358}.Release|Any CPU.ActiveCfg = Release|Any CPU
		{216C820A-5FB4-4834-BB44-2E1B09864358}.Release|Any CPU.Build.0 = Release|Any CPU
		{2513331B-B718-4547-90A4-FF42ABF2FEE6}.Debug|Any CPU.ActiveCfg = Debug|Any CPU
		{2513331B-B718-4547-90A4-FF42ABF2FEE6}.Debug|Any CPU.Build.0 = Debug|Any CPU
		{2513331B-B718-4547-90A4-FF42ABF2FEE6}.Release|Any CPU.ActiveCfg = Release|Any CPU
		{2513331B-B718-4547-90A4-FF42ABF2FEE6}.Release|Any CPU.Build.0 = Release|Any CPU
		{487CFACC-7BFC-41B3-9AE6-85B903D91D25}.Debug|Any CPU.ActiveCfg = Debug|Any CPU
		{487CFACC-7BFC-41B3-9AE6-85B903D91D25}.Debug|Any CPU.Build.0 = Debug|Any CPU
		{487CFACC-7BFC-41B3-9AE6-85B903D91D25}.Release|Any CPU.ActiveCfg = Release|Any CPU
		{487CFACC-7BFC-41B3-9AE6-85B903D91D25}.Release|Any CPU.Build.0 = Release|Any CPU
		{B0353D9D-9257-4249-BEAE-B0BE62F9F923}.Debug|Any CPU.ActiveCfg = Debug|Any CPU
		{B0353D9D-9257-4249-BEAE-B0BE62F9F923}.Debug|Any CPU.Build.0 = Debug|Any CPU
		{B0353D9D-9257-4249-BEAE-B0BE62F9F923}.Release|Any CPU.ActiveCfg = Release|Any CPU
		{B0353D9D-9257-4249-BEAE-B0BE62F9F923}.Release|Any CPU.Build.0 = Release|Any CPU
		{ADA9A7A9-C422-44BC-990C-0227C481379C}.Debug|Any CPU.ActiveCfg = Debug|Any CPU
		{ADA9A7A9-C422-44BC-990C-0227C481379C}.Debug|Any CPU.Build.0 = Debug|Any CPU
		{ADA9A7A9-C422-44BC-990C-0227C481379C}.Debug|Any CPU.Deploy.0 = Debug|Any CPU
		{ADA9A7A9-C422-44BC-990C-0227C481379C}.Release|Any CPU.ActiveCfg = Release|Any CPU
		{ADA9A7A9-C422-44BC-990C-0227C481379C}.Release|Any CPU.Build.0 = Release|Any CPU
		{ADA9A7A9-C422-44BC-990C-0227C481379C}.Release|Any CPU.Deploy.0 = Release|Any CPU
		{AE4F163F-7B1C-4F0D-A5DA-630232444735}.Debug|Any CPU.ActiveCfg = Debug|Any CPU
		{AE4F163F-7B1C-4F0D-A5DA-630232444735}.Release|Any CPU.ActiveCfg = Release|Any CPU
		{51166462-7282-4BD9-BD4B-BAC4C29512B7}.Debug|Any CPU.ActiveCfg = Debug|Any CPU
		{51166462-7282-4BD9-BD4B-BAC4C29512B7}.Release|Any CPU.ActiveCfg = Release|Any CPU
		{8086FDCD-1BD0-4D87-BC22-ADAD007F82AF}.Debug|Any CPU.ActiveCfg = Debug|Any CPU
		{8086FDCD-1BD0-4D87-BC22-ADAD007F82AF}.Debug|Any CPU.Build.0 = Debug|Any CPU
		{8086FDCD-1BD0-4D87-BC22-ADAD007F82AF}.Release|Any CPU.ActiveCfg = Release|Any CPU
		{8086FDCD-1BD0-4D87-BC22-ADAD007F82AF}.Release|Any CPU.Build.0 = Release|Any CPU
	EndGlobalSection
	GlobalSection(SolutionProperties) = preSolution
		HideSolutionNode = FALSE
	EndGlobalSection
EndGlobal
